
Microsoft Visual Studio Solution File, Format Version 12.00
# Visual Studio Version 17
VisualStudioVersion = 17.11.35222.181
MinimumVisualStudioVersion = 10.0.40219.1
Project("{FAE04EC0-301F-11D3-BF4B-00C04F79EFBC}") = "nativeInt", "nativeInt\nativeInt.csproj", "{0D9310C3-34F4-4FCD-9F9E-9CE4C0D80AF3}"
EndProject
Global
	GlobalSection(SolutionConfigurationPlatforms) = preSolution
		Debug|Any CPU = Debug|Any CPU
		Release|Any CPU = Release|Any CPU
	EndGlobalSection
	GlobalSection(ProjectConfigurationPlatforms) = postSolution
		{0D9310C3-34F4-4FCD-9F9E-9CE4C0D80AF3}.Debug|Any CPU.ActiveCfg = Debug|Any CPU
		{0D9310C3-34F4-4FCD-9F9E-9CE4C0D80AF3}.Debug|Any CPU.Build.0 = Debug|Any CPU
		{0D9310C3-34F4-4FCD-9F9E-9CE4C0D80AF3}.Release|Any CPU.ActiveCfg = Release|Any CPU
		{0D9310C3-34F4-4FCD-9F9E-9CE4C0D80AF3}.Release|Any CPU.Build.0 = Release|Any CPU
	EndGlobalSection
	GlobalSection(SolutionProperties) = preSolution
		HideSolutionNode = FALSE
	EndGlobalSection
	GlobalSection(ExtensibilityGlobals) = postSolution
		SolutionGuid = {EB8BB717-0B82-46FD-918E-15D2DA6FED3A}
	EndGlobalSection
EndGlobal
